dependencies:
- name: etcd
  repository: https://charts.bitnami.com/bitnami
  version: 6.3.3
- name: minio
  repository: https://milvus-io.github.io/milvus-helm
  version: 8.0.11
- name: pulsar
  repository: https://pulsar.apache.org/charts
  version: 2.7.8
- name: kafka
  repository: https://charts.bitnami.com/bitnami
  version: 15.5.1
digest: sha256:6f7dac7840a8b00b76a0bb819094cb5ea287dd0021902f08ba769c12d6b4847e
generated: "2022-03-23T14:45:09.223015+08:00"
