dependencies:
- name: etcd
  repository: https://raw.githubusercontent.com/bitnami/charts/pre-2022/bitnami
  version: 6.3.3
- name: minio
  repository: https://milvus-io.github.io/milvus-helm
  version: 8.0.14
- name: pulsar
  repository: https://pulsar.apache.org/charts
  version: 2.7.8
- name: kafka
  repository: https://raw.githubusercontent.com/bitnami/charts/pre-2022/bitnami
  version: 15.5.1
- name: mysql
  repository: https://raw.githubusercontent.com/bitnami/charts/pre-2022/bitnami
  version: 8.5.3
digest: sha256:9c123c30cb66b994fec4bd646780a3ae665ec7f53920b245ed42ebc1390ce1e9
generated: "2022-12-22T18:04:42.663581+08:00"
