dependencies:
- name: etcd
  repository: https://charts.bitnami.com/bitnami
  version: 6.3.3
- name: minio
  repository: https://helm.min.io
  version: 8.0.10
- name: pulsar
  repository: https://helm.kafkaesque.io
  version: 1.0.31
digest: sha256:63c59ed06507da3e27f7d760be707eeeb4aba320e9e0afc9c4920e1de9a14560
generated: "2021-08-31T14:41:31.439082+08:00"
